// !$*UTF8*$!
{
	archiveVersion = 1;
	classes = {
	};
	objectVersion = 77;
	objects = {

/* Begin PBXBuildFile section */
		5B4E08D22E7DE7E90066E0DB /* StoreKit.framework in Frameworks */ = {isa = PBXBuildFile; fileRef = 5B4E08D12E7DE7E90066E0DB /* StoreKit.framework */; };
		5B4E08F32E7E03670066E0DB /* Boise_Work_Spots.csv in Resources */ = {isa = PBXBuildFile; fileRef = 5B4E08F12E7E03660066E0DB /* Boise_Work_Spots.csv */; };
/* End PBXBuildFile section */

/* Begin PBXContainerItemProxy section */
		5B4E08B32E7DE7420066E0DB /* PBXContainerItemProxy */ = {
			isa = PBXContainerItemProxy;
			containerPortal = 5B4E08962E7DE7400066E0DB /* Project object */;
			proxyType = 1;
			remoteGlobalIDString = 5B4E089D2E7DE7400066E0DB;
			remoteInfo = WorkHaven;
		};
		5B4E08BD2E7DE7420066E0DB /* PBXContainerItemProxy */ = {
			isa = PBXContainerItemProxy;
			containerPortal = 5B4E08962E7DE7400066E0DB /* Project object */;
			proxyType = 1;
			remoteGlobalIDString = 5B4E089D2E7DE7400066E0DB;
			remoteInfo = WorkHaven;
		};
/* End PBXContainerItemProxy section */

/* Begin PBXFileReference section */
		5B4E089E2E7DE7400066E0DB /* WorkHaven.app */ = {isa = PBXFileReference; explicitFileType = wrapper.application; includeInIndex = 0; path = WorkHaven.app; sourceTree = BUILT_PRODUCTS_DIR; };
		5B4E08B22E7DE7420066E0DB /* WorkHavenTests.xctest */ = {isa = PBXFileReference; explicitFileType = wrapper.cfbundle; includeInIndex = 0; path = WorkHavenTests.xctest; sourceTree = BUILT_PRODUCTS_DIR; };
		5B4E08BC2E7DE7420066E0DB /* WorkHavenUITests.xctest */ = {isa = PBXFileReference; explicitFileType = wrapper.cfbundle; includeInIndex = 0; path = WorkHavenUITests.xctest; sourceTree = BUILT_PRODUCTS_DIR; };
		5B4E08D12E7DE7E90066E0DB /* StoreKit.framework */ = {isa = PBXFileReference; lastKnownFileType = wrapper.framework; name = StoreKit.framework; path = System/Library/Frameworks/StoreKit.framework; sourceTree = SDKROOT; };
		5B4E08F12E7E03660066E0DB /* Boise_Work_Spots.csv */ = {isa = PBXFileReference; lastKnownFileType = text; path = "WorkHaven/Boise_Work_Spots.csv"; sourceTree = "<group>"; };
/* End PBXFileReference section */

/* Begin PBXFileSystemSynchronizedBuildFileExceptionSet section */
		5B4E08C42E7DE7420066E0DB /* Exceptions for "WorkHaven" folder in "WorkHaven" target */ = {
			isa = PBXFileSystemSynchronizedBuildFileExceptionSet;
			membershipExceptions = (
				Info.plist,
			);
			target = 5B4E089D2E7DE7400066E0DB /* WorkHaven */;
		};
/* End PBXFileSystemSynchronizedBuildFileExceptionSet section */

/* Begin PBXFileSystemSynchronizedRootGroup section */
		5B4E08A02E7DE7400066E0DB /* WorkHaven */ = {
			isa = PBXFileSystemSynchronizedRootGroup;
			exceptions = (
				5B4E08C42E7DE7420066E0DB /* Exceptions for "WorkHaven" folder in "WorkHaven" target */,
			);
			path = WorkHaven;
			sourceTree = "<group>";
		};
		5B4E08B52E7DE7420066E0DB /* WorkHavenTests */ = {
			isa = PBXFileSystemSynchronizedRootGroup;
			path = WorkHavenTests;
			sourceTree = "<group>";
		};
		5B4E08BF2E7DE7420066E0DB /* WorkHavenUITests */ = {
			isa = PBXFileSystemSynchronizedRootGroup;
			path = WorkHavenUITests;
			sourceTree = "<group>";
		};
/* End PBXFileSystemSynchronizedRootGroup section */

/* Begin PBXFrameworksBuildPhase section */
		5B4E089B2E7DE7400066E0DB /* Frameworks */ = {
			isa = PBXFrameworksBuildPhase;
			buildActionMask = 2147483647;
			files = (
				5B4E08D22E7DE7E90066E0DB /* StoreKit.framework in Frameworks */,
			);
			runOnlyForDeploymentPostprocessing = 0;
		};
		5B4E08AF2E7DE7420066E0DB /* Frameworks */ = {
			isa = PBXFrameworksBuildPhase;
			buildActionMask = 2147483647;
			files = (
			);
			runOnlyForDeploymentPostprocessing = 0;
		};
		5B4E08B92E7DE7420066E0DB /* Frameworks */ = {
			isa = PBXFrameworksBuildPhase;
			buildActionMask = 2147483647;
			files = (
			);
			runOnlyForDeploymentPostprocessing = 0;
		};
/* End PBXFrameworksBuildPhase section */

/* Begin PBXGroup section */
		5B4E08952E7DE7400066E0DB = {
			isa = PBXGroup;
			children = (
				5B4E08A02E7DE7400066E0DB /* WorkHaven */,
				5B4E08B52E7DE7420066E0DB /* WorkHavenTests */,
				5B4E08BF2E7DE7420066E0DB /* WorkHavenUITests */,
				5B4E08D02E7DE7E90066E0DB /* Frameworks */,
				5B4E089F2E7DE7400066E0DB /* Products */,
			);
			sourceTree = "<group>";
		};
		5B4E089F2E7DE7400066E0DB /* Products */ = {
			isa = PBXGroup;
			children = (
				5B4E089E2E7DE7400066E0DB /* WorkHaven.app */,
				5B4E08B22E7DE7420066E0DB /* WorkHavenTests.xctest */,
				5B4E08BC2E7DE7420066E0DB /* WorkHavenUITests.xctest */,
			);
			name = Products;
			sourceTree = "<group>";
		};
		5B4E08D02E7DE7E90066E0DB /* Frameworks */ = {
			isa = PBXGroup;
			children = (
				5B4E08D12E7DE7E90066E0DB /* StoreKit.framework */,
			);
			name = Frameworks;
			sourceTree = "<group>";
		};
/* End PBXGroup section */

/* Begin PBXNativeTarget section */
		5B4E089D2E7DE7400066E0DB /* WorkHaven */ = {
			isa = PBXNativeTarget;
			buildConfigurationList = 5B4E08C52E7DE7420066E0DB /* Build configuration list for PBXNativeTarget "WorkHaven" */;
			buildPhases = (
				5B4E089A2E7DE7400066E0DB /* Sources */,
				5B4E089B2E7DE7400066E0DB /* Frameworks */,
				5B4E089C2E7DE7400066E0DB /* Resources */,
			);
			buildRules = (
			);
			dependencies = (
			);
			fileSystemSynchronizedGroups = (
				5B4E08A02E7DE7400066E0DB /* WorkHaven */,
			);
			name = WorkHaven;
			packageProductDependencies = (
			);
			productName = WorkHaven;
			productReference = 5B4E089E2E7DE7400066E0DB /* WorkHaven.app */;
			productType = "com.apple.product-type.application";
		};
		5B4E08B12E7DE7420066E0DB /* WorkHavenTests */ = {
			isa = PBXNativeTarget;
			buildConfigurationList = 5B4E08CA2E7DE7420066E0DB /* Build configuration list for PBXNativeTarget "WorkHavenTests" */;
			buildPhases = (
				5B4E08AE2E7DE7420066E0DB /* Sources */,
				5B4E08AF2E7DE7420066E0DB /* Frameworks */,
				5B4E08B02E7DE7420066E0DB /* Resources */,
			);
			buildRules = (
			);
			dependencies = (
				5B4E08B42E7DE7420066E0DB /* PBXTargetDependency */,
			);
			fileSystemSynchronizedGroups = (
				5B4E08B52E7DE7420066E0DB /* WorkHavenTests */,
			);
			name = WorkHavenTests;
			packageProductDependencies = (
			);
			productName = WorkHavenTests;
			productReference = 5B4E08B22E7DE7420066E0DB /* WorkHavenTests.xctest */;
			productType = "com.apple.product-type.bundle.unit-test";
		};
		5B4E08BB2E7DE7420066E0DB /* WorkHavenUITests */ = {
			isa = PBXNativeTarget;
			buildConfigurationList = 5B4E08CD2E7DE7420066E0DB /* Build configuration list for PBXNativeTarget "WorkHavenUITests" */;
			buildPhases = (
				5B4E08B82E7DE7420066E0DB /* Sources */,
				5B4E08B92E7DE7420066E0DB /* Frameworks */,
				5B4E08BA2E7DE7420066E0DB /* Resources */,
			);
			buildRules = (
			);
			dependencies = (
				5B4E08BE2E7DE7420066E0DB /* PBXTargetDependency */,
			);
			fileSystemSynchronizedGroups = (
				5B4E08BF2E7DE7420066E0DB /* WorkHavenUITests */,
			);
			name = WorkHavenUITests;
			packageProductDependencies = (
			);
			productName = WorkHavenUITests;
			productReference = 5B4E08BC2E7DE7420066E0DB /* WorkHavenUITests.xctest */;
			productType = "com.apple.product-type.bundle.ui-testing";
		};
/* End PBXNativeTarget section */

/* Begin PBXProject section */
		5B4E08962E7DE7400066E0DB /* Project object */ = {
			isa = PBXProject;
			attributes = {
				BuildIndependentTargetsInParallel = 1;
				LastSwiftUpdateCheck = 1640;
				LastUpgradeCheck = 1640;
				TargetAttributes = {
					5B4E089D2E7DE7400066E0DB = {
						CreatedOnToolsVersion = 16.4;
					};
					5B4E08B12E7DE7420066E0DB = {
						CreatedOnToolsVersion = 16.4;
						TestTargetID = 5B4E089D2E7DE7400066E0DB;
					};
					5B4E08BB2E7DE7420066E0DB = {
						CreatedOnToolsVersion = 16.4;
						TestTargetID = 5B4E089D2E7DE7400066E0DB;
					};
				};
			};
			buildConfigurationList = 5B4E08992E7DE7400066E0DB /* Build configuration list for PBXProject "WorkHaven" */;
			developmentRegion = en;
			hasScannedForEncodings = 0;
			knownRegions = (
				en,
				Base,
			);
			mainGroup = 5B4E08952E7DE7400066E0DB;
			minimizedProjectReferenceProxies = 1;
			preferredProjectObjectVersion = 77;
			productRefGroup = 5B4E089F2E7DE7400066E0DB /* Products */;
			projectDirPath = "";
			projectRoot = "";
			targets = (
				5B4E089D2E7DE7400066E0DB /* WorkHaven */,
				5B4E08B12E7DE7420066E0DB /* WorkHavenTests */,
				5B4E08BB2E7DE7420066E0DB /* WorkHavenUITests */,
			);
		};
/* End PBXProject section */

/* Begin PBXResourcesBuildPhase section */
		5B4E089C2E7DE7400066E0DB /* Resources */ = {
			isa = PBXResourcesBuildPhase;
			buildActionMask = 2147483647;
			files = (
				5B4E08F32E7E03670066E0DB /* Boise_Work_Spots.csv in Resources */,
			);
			runOnlyForDeploymentPostprocessing = 0;
		};
		5B4E08B02E7DE7420066E0DB /* Resources */ = {
			isa = PBXResourcesBuildPhase;
			buildActionMask = 2147483647;
			files = (
			);
			runOnlyForDeploymentPostprocessing = 0;
		};
		5B4E08BA2E7DE7420066E0DB /* Resources */ = {
			isa = PBXResourcesBuildPhase;
			buildActionMask = 2147483647;
			files = (
			);
			runOnlyForDeploymentPostprocessing = 0;
		};
/* End PBXResourcesBuildPhase section */

/* Begin PBXSourcesBuildPhase section */
		5B4E089A2E7DE7400066E0DB /* Sources */ = {
			isa = PBXSourcesBuildPhase;
			buildActionMask = 2147483647;
			files = (
			);
			runOnlyForDeploymentPostprocessing = 0;
		};
		5B4E08AE2E7DE7420066E0DB /* Sources */ = {
			isa = PBXSourcesBuildPhase;
			buildActionMask = 2147483647;
			files = (
			);
			runOnlyForDeploymentPostprocessing = 0;
		};
		5B4E08B82E7DE7420066E0DB /* Sources */ = {
			isa = PBXSourcesBuildPhase;
			buildActionMask = 2147483647;
			files = (
			);
			runOnlyForDeploymentPostprocessing = 0;
		};
/* End PBXSourcesBuildPhase section */

/* Begin PBXTargetDependency section */
		5B4E08B42E7DE7420066E0DB /* PBXTargetDependency */ = {
			isa = PBXTargetDependency;
			target = 5B4E089D2E7DE7400066E0DB /* WorkHaven */;
			targetProxy = 5B4E08B32E7DE7420066E0DB /* PBXContainerItemProxy */;
		};
		5B4E08BE2E7DE7420066E0DB /* PBXTargetDependency */ = {
			isa = PBXTargetDependency;
			target = 5B4E089D2E7DE7400066E0DB /* WorkHaven */;
			targetProxy = 5B4E08BD2E7DE7420066E0DB /* PBXContainerItemProxy */;
		};
/* End PBXTargetDependency section */

/* Begin XCBuildConfiguration section */
		5B4E08C62E7DE7420066E0DB /* Debug */ = {
			isa = XCBuildConfiguration;
			buildSettings = {
				ASSETCATALOG_COMPILER_APPICON_NAME = AppIcon;
				ASSETCATALOG_COMPILER_GLOBAL_ACCENT_COLOR_NAME = AccentColor;
				CODE_SIGN_ENTITLEMENTS = WorkHaven/WorkHaven.entitlements;
				CODE_SIGN_STYLE = Automatic;
				CURRENT_PROJECT_VERSION = 1;
				DEVELOPMENT_TEAM = C73RKNC5RM;
				ENABLE_PREVIEWS = YES;
				GENERATE_INFOPLIST_FILE = YES;
				INFOPLIST_FILE = WorkHaven/Info.plist;
				INFOPLIST_KEY_UIApplicationSceneManifest_Generation = YES;
				INFOPLIST_KEY_UIApplicationSupportsIndirectInputEvents = YES;
				INFOPLIST_KEY_UILaunchScreen_Generation = YES;
				INFOPLIST_KEY_UISupportedInterfaceOrientations_iPad = "UIInterfaceOrientationPortrait UIInterfaceOrientationPortraitUpsideDown UIInterfaceOrientationLandscapeLeft UIInterfaceOrientationLandscapeRight";
				INFOPLIST_KEY_UISupportedInterfaceOrientations_iPhone = "UIInterfaceOrientationPortrait UIInterfaceOrientationLandscapeLeft UIInterfaceOrientationLandscapeRight";
				IPHONEOS_DEPLOYMENT_TARGET = 17.6;
				LD_RUNPATH_SEARCH_PATHS = (
					"$(inherited)",
					"@executable_path/Frameworks",
				);
				MARKETING_VERSION = 1.0;
				PRODUCT_BUNDLE_IDENTIFIER = com.nextsizzle.WorkHaven;
				PRODUCT_NAME = "$(TARGET_NAME)";
				SUPPORTED_PLATFORMS = "iphoneos iphonesimulator";
				SUPPORTS_MACCATALYST = NO;
				SUPPORTS_XR_DESIGNED_FOR_IPHONE_IPAD = NO;
				SWIFT_EMIT_LOC_STRINGS = YES;
				SWIFT_VERSION = 5.0;
				TARGETED_DEVICE_FAMILY = "1,2";
			};
			name = Debug;
		};
		5B4E08C72E7DE7420066E0DB /* Release */ = {
			isa = XCBuildConfiguration;
			buildSettings = {
				ASSETCATALOG_COMPILER_APPICON_NAME = AppIcon;
				ASSETCATALOG_COMPILER_GLOBAL_ACCENT_COLOR_NAME = AccentColor;
				CODE_SIGN_ENTITLEMENTS = WorkHaven/WorkHaven.entitlements;
				CODE_SIGN_STYLE = Automatic;
				CURRENT_PROJECT_VERSION = 1;
				DEVELOPMENT_TEAM = C73RKNC5RM;
				ENABLE_PREVIEWS = YES;
				GENERATE_INFOPLIST_FILE = YES;
				INFOPLIST_FILE = WorkHaven/Info.plist;
				INFOPLIST_KEY_UIApplicationSceneManifest_Generation = YES;
				INFOPLIST_KEY_UIApplicationSupportsIndirectInputEvents = YES;
				INFOPLIST_KEY_UILaunchScreen_Generation = YES;
				INFOPLIST_KEY_UISupportedInterfaceOrientations_iPad = "UIInterfaceOrientationPortrait UIInterfaceOrientationPortraitUpsideDown UIInterfaceOrientationLandscapeLeft UIInterfaceOrientationLandscapeRight";
				INFOPLIST_KEY_UISupportedInterfaceOrientations_iPhone = "UIInterfaceOrientationPortrait UIInterfaceOrientationLandscapeLeft UIInterfaceOrientationLandscapeRight";
				IPHONEOS_DEPLOYMENT_TARGET = 17.6;
				LD_RUNPATH_SEARCH_PATHS = (
					"$(inherited)",
					"@executable_path/Frameworks",
				);
				MARKETING_VERSION = 1.0;
				PRODUCT_BUNDLE_IDENTIFIER = com.nextsizzle.WorkHaven;
				PRODUCT_NAME = "$(TARGET_NAME)";
				SUPPORTED_PLATFORMS = "iphoneos iphonesimulator";
				SUPPORTS_MACCATALYST = NO;
				SUPPORTS_XR_DESIGNED_FOR_IPHONE_IPAD = NO;
				SWIFT_EMIT_LOC_STRINGS = YES;
				SWIFT_VERSION = 5.0;
				TARGETED_DEVICE_FAMILY = "1,2";
			};
			name = Release;
		};
		5B4E08C82E7DE7420066E0DB /* Debug */ = {
			isa = XCBuildConfiguration;
			buildSettings = {
				ALWAYS_SEARCH_USER_PATHS = NO;
				ASSETCATALOG_COMPILER_GENERATE_SWIFT_ASSET_SYMBOL_EXTENSIONS = YES;
				CLANG_ANALYZER_NONNULL = YES;
				CLANG_ANALYZER_NUMBER_OBJECT_CONVERSION = YES_AGGRESSIVE;
				CLANG_CXX_LANGUAGE_STANDARD = "gnu++20";
				CLANG_ENABLE_MODULES = YES;
				CLANG_ENABLE_OBJC_ARC = YES;
				CLANG_ENABLE_OBJC_WEAK = YES;
				CLANG_WARN_BLOCK_CAPTURE_AUTORELEASING = YES;
				CLANG_WARN_BOOL_CONVERSION = YES;
				CLANG_WARN_COMMA = YES;
				CLANG_WARN_CONSTANT_CONVERSION = YES;
				CLANG_WARN_DEPRECATED_OBJC_IMPLEMENTATIONS = YES;
				CLANG_WARN_DIRECT_OBJC_ISA_USAGE = YES_ERROR;
				CLANG_WARN_DOCUMENTATION_COMMENTS = YES;
				CLANG_WARN_EMPTY_BODY = YES;
				CLANG_WARN_ENUM_CONVERSION = YES;
				CLANG_WARN_INFINITE_RECURSION = YES;
				CLANG_WARN_INT_CONVERSION = YES;
				CLANG_WARN_NON_LITERAL_NULL_CONVERSION = YES;
				CLANG_WARN_OBJC_IMPLICIT_RETAIN_SELF = YES;
				CLANG_WARN_OBJC_LITERAL_CONVERSION = YES;
				CLANG_WARN_OBJC_ROOT_CLASS = YES_ERROR;
				CLANG_WARN_QUOTED_INCLUDE_IN_FRAMEWORK_HEADER = YES;
				CLANG_WARN_RANGE_LOOP_ANALYSIS = YES;
				CLANG_WARN_STRICT_PROTOTYPES = YES;
				CLANG_WARN_SUSPICIOUS_MOVE = YES;
				CLANG_WARN_UNGUARDED_AVAILABILITY = YES_AGGRESSIVE;
				CLANG_WARN_UNREACHABLE_CODE = YES;
				CLANG_WARN__DUPLICATE_METHOD_MATCH = YES;
				COPY_PHASE_STRIP = NO;
				DEBUG_INFORMATION_FORMAT = dwarf;
				DEVELOPMENT_TEAM = C73RKNC5RM;
				ENABLE_STRICT_OBJC_MSGSEND = YES;
				ENABLE_TESTABILITY = YES;
				ENABLE_USER_SCRIPT_SANDBOXING = YES;
				GCC_C_LANGUAGE_STANDARD = gnu17;
				GCC_DYNAMIC_NO_PIC = NO;
				GCC_NO_COMMON_BLOCKS = YES;
				GCC_OPTIMIZATION_LEVEL = 0;
				GCC_PREPROCESSOR_DEFINITIONS = (
					"DEBUG=1",
					"$(inherited)",
				);
				GCC_WARN_64_TO_32_BIT_CONVERSION = YES;
				GCC_WARN_ABOUT_RETURN_TYPE = YES_ERROR;
				GCC_WARN_UNDECLARED_SELECTOR = YES;
				GCC_WARN_UNINITIALIZED_AUTOS = YES_AGGRESSIVE;
				GCC_WARN_UNUSED_FUNCTION = YES;
				GCC_WARN_UNUSED_VARIABLE = YES;
				IPHONEOS_DEPLOYMENT_TARGET = 18.5;
				LOCALIZATION_PREFERS_STRING_CATALOGS = YES;
				MTL_ENABLE_DEBUG_INFO = INCLUDE_SOURCE;
				MTL_FAST_MATH = YES;
				ONLY_ACTIVE_ARCH = YES;
				SDKROOT = iphoneos;
				SWIFT_ACTIVE_COMPILATION_CONDITIONS = "DEBUG $(inherited)";
				SWIFT_OPTIMIZATION_LEVEL = "-Onone";
			};
			name = Debug;
		};
		5B4E08C92E7DE7420066E0DB /* Release */ = {
			isa = XCBuildConfiguration;
			buildSettings = {
				ALWAYS_SEARCH_USER_PATHS = NO;
				ASSETCATALOG_COMPILER_GENERATE_SWIFT_ASSET_SYMBOL_EXTENSIONS = YES;
				CLANG_ANALYZER_NONNULL = YES;
				CLANG_ANALYZER_NUMBER_OBJECT_CONVERSION = YES_AGGRESSIVE;
				CLANG_CXX_LANGUAGE_STANDARD = "gnu++20";
				CLANG_ENABLE_MODULES = YES;
				CLANG_ENABLE_OBJC_ARC = YES;
				CLANG_ENABLE_OBJC_WEAK = YES;
				CLANG_WARN_BLOCK_CAPTURE_AUTORELEASING = YES;
				CLANG_WARN_BOOL_CONVERSION = YES;
				CLANG_WARN_COMMA = YES;
				CLANG_WARN_CONSTANT_CONVERSION = YES;
				CLANG_WARN_DEPRECATED_OBJC_IMPLEMENTATIONS = YES;
				CLANG_WARN_DIRECT_OBJC_ISA_USAGE = YES_ERROR;
				CLANG_WARN_DOCUMENTATION_COMMENTS = YES;
				CLANG_WARN_EMPTY_BODY = YES;
				CLANG_WARN_ENUM_CONVERSION = YES;
				CLANG_WARN_INFINITE_RECURSION = YES;
				CLANG_WARN_INT_CONVERSION = YES;
				CLANG_WARN_NON_LITERAL_NULL_CONVERSION = YES;
				CLANG_WARN_OBJC_IMPLICIT_RETAIN_SELF = YES;
				CLANG_WARN_OBJC_LITERAL_CONVERSION = YES;
				CLANG_WARN_OBJC_ROOT_CLASS = YES_ERROR;
				CLANG_WARN_QUOTED_INCLUDE_IN_FRAMEWORK_HEADER = YES;
				CLANG_WARN_RANGE_LOOP_ANALYSIS = YES;
				CLANG_WARN_STRICT_PROTOTYPES = YES;
				CLANG_WARN_SUSPICIOUS_MOVE = YES;
				CLANG_WARN_UNGUARDED_AVAILABILITY = YES_AGGRESSIVE;
				CLANG_WARN_UNREACHABLE_CODE = YES;
				CLANG_WARN__DUPLICATE_METHOD_MATCH = YES;
				COPY_PHASE_STRIP = NO;
				DEBUG_INFORMATION_FORMAT = "dwarf-with-dsym";
				DEVELOPMENT_TEAM = C73RKNC5RM;
				ENABLE_NS_ASSERTIONS = NO;
				ENABLE_STRICT_OBJC_MSGSEND = YES;
				ENABLE_USER_SCRIPT_SANDBOXING = YES;
				GCC_C_LANGUAGE_STANDARD = gnu17;
				GCC_NO_COMMON_BLOCKS = YES;
				GCC_WARN_64_TO_32_BIT_CONVERSION = YES;
				GCC_WARN_ABOUT_RETURN_TYPE = YES_ERROR;
				GCC_WARN_UNDECLARED_SELECTOR = YES;
				GCC_WARN_UNINITIALIZED_AUTOS = YES_AGGRESSIVE;
				GCC_WARN_UNUSED_FUNCTION = YES;
				GCC_WARN_UNUSED_VARIABLE = YES;
				IPHONEOS_DEPLOYMENT_TARGET = 18.5;
				LOCALIZATION_PREFERS_STRING_CATALOGS = YES;
				MTL_ENABLE_DEBUG_INFO = NO;
				MTL_FAST_MATH = YES;
				SDKROOT = iphoneos;
				SWIFT_COMPILATION_MODE = wholemodule;
				VALIDATE_PRODUCT = YES;
			};
			name = Release;
		};
		5B4E08CB2E7DE7420066E0DB /* Debug */ = {
			isa = XCBuildConfiguration;
			buildSettings = {
				BUNDLE_LOADER = "$(TEST_HOST)";
				CODE_SIGN_STYLE = Automatic;
				CURRENT_PROJECT_VERSION = 1;
				DEVELOPMENT_TEAM = C73RKNC5RM;
				GENERATE_INFOPLIST_FILE = YES;
				IPHONEOS_DEPLOYMENT_TARGET = 18.5;
				MARKETING_VERSION = 1.0;
				PRODUCT_BUNDLE_IDENTIFIER = com.nextsizzle.WorkHavenTests;
				PRODUCT_NAME = "$(TARGET_NAME)";
				SWIFT_EMIT_LOC_STRINGS = NO;
				SWIFT_VERSION = 5.0;
				TARGETED_DEVICE_FAMILY = "1,2";
				TEST_HOST = "$(BUILT_PRODUCTS_DIR)/WorkHaven.app/$(BUNDLE_EXECUTABLE_FOLDER_PATH)/WorkHaven";
			};
			name = Debug;
		};
		5B4E08CC2E7DE7420066E0DB /* Release */ = {
			isa = XCBuildConfiguration;
			buildSettings = {
				BUNDLE_LOADER = "$(TEST_HOST)";
				CODE_SIGN_STYLE = Automatic;
				CURRENT_PROJECT_VERSION = 1;
				DEVELOPMENT_TEAM = C73RKNC5RM;
				GENERATE_INFOPLIST_FILE = YES;
				IPHONEOS_DEPLOYMENT_TARGET = 18.5;
				MARKETING_VERSION = 1.0;
				PRODUCT_BUNDLE_IDENTIFIER = com.nextsizzle.WorkHavenTests;
				PRODUCT_NAME = "$(TARGET_NAME)";
				SWIFT_EMIT_LOC_STRINGS = NO;
				SWIFT_VERSION = 5.0;
				TARGETED_DEVICE_FAMILY = "1,2";
				TEST_HOST = "$(BUILT_PRODUCTS_DIR)/WorkHaven.app/$(BUNDLE_EXECUTABLE_FOLDER_PATH)/WorkHaven";
			};
			name = Release;
		};
		5B4E08CE2E7DE7420066E0DB /* Debug */ = {
			isa = XCBuildConfiguration;
			buildSettings = {
				CODE_SIGN_STYLE = Automatic;
				CURRENT_PROJECT_VERSION = 1;
				DEVELOPMENT_TEAM = C73RKNC5RM;
				GENERATE_INFOPLIST_FILE = YES;
				MARKETING_VERSION = 1.0;
				PRODUCT_BUNDLE_IDENTIFIER = com.nextsizzle.WorkHavenUITests;
				PRODUCT_NAME = "$(TARGET_NAME)";
				SWIFT_EMIT_LOC_STRINGS = NO;
				SWIFT_VERSION = 5.0;
				TARGETED_DEVICE_FAMILY = "1,2";
				TEST_TARGET_NAME = WorkHaven;
			};
			name = Debug;
		};
		5B4E08CF2E7DE7420066E0DB /* Release */ = {
			isa = XCBuildConfiguration;
			buildSettings = {
				CODE_SIGN_STYLE = Automatic;
				CURRENT_PROJECT_VERSION = 1;
				DEVELOPMENT_TEAM = C73RKNC5RM;
				GENERATE_INFOPLIST_FILE = YES;
				MARKETING_VERSION = 1.0;
				PRODUCT_BUNDLE_IDENTIFIER = com.nextsizzle.WorkHavenUITests;
				PRODUCT_NAME = "$(TARGET_NAME)";
				SWIFT_EMIT_LOC_STRINGS = NO;
				SWIFT_VERSION = 5.0;
				TARGETED_DEVICE_FAMILY = "1,2";
				TEST_TARGET_NAME = WorkHaven;
			};
			name = Release;
		};
/* End XCBuildConfiguration section */

/* Begin XCConfigurationList section */
		5B4E08992E7DE7400066E0DB /* Build configuration list for PBXProject "WorkHaven" */ = {
			isa = XCConfigurationList;
			buildConfigurations = (
				5B4E08C82E7DE7420066E0DB /* Debug */,
				5B4E08C92E7DE7420066E0DB /* Release */,
			);
			defaultConfigurationIsVisible = 0;
			defaultConfigurationName = Release;
		};
		5B4E08C52E7DE7420066E0DB /* Build configuration list for PBXNativeTarget "WorkHaven" */ = {
			isa = XCConfigurationList;
			buildConfigurations = (
				5B4E08C62E7DE7420066E0DB /* Debug */,
				5B4E08C72E7DE7420066E0DB /* Release */,
			);
			defaultConfigurationIsVisible = 0;
			defaultConfigurationName = Release;
		};
		5B4E08CA2E7DE7420066E0DB /* Build configuration list for PBXNativeTarget "WorkHavenTests" */ = {
			isa = XCConfigurationList;
			buildConfigurations = (
				5B4E08CB2E7DE7420066E0DB /* Debug */,
				5B4E08CC2E7DE7420066E0DB /* Release */,
			);
			defaultConfigurationIsVisible = 0;
			defaultConfigurationName = Release;
		};
		5B4E08CD2E7DE7420066E0DB /* Build configuration list for PBXNativeTarget "WorkHavenUITests" */ = {
			isa = XCConfigurationList;
			buildConfigurations = (
				5B4E08CE2E7DE7420066E0DB /* Debug */,
				5B4E08CF2E7DE7420066E0DB /* Release */,
			);
			defaultConfigurationIsVisible = 0;
			defaultConfigurationName = Release;
		};
/* End XCConfigurationList section */
	};
	rootObject = 5B4E08962E7DE7400066E0DB /* Project object */;
}
